Microsoft Visual Studio Solution File, Format Version 12.00
# Visual Studio Version 17
VisualStudioVersion = 17.5.2.0
MinimumVisualStudioVersion = 10.0.40219.1
Project("{FAE04EC0-301F-11D3-BF4B-00C04F79EFBC}") = "BasicResetApp", "BasicResetApp.csproj", "{60DB7808-ACFD-5424-B083-22E99602EF94}"
EndProject
Global
	GlobalSection(SolutionConfigurationPlatforms) = preSolution
		Debug|Any CPU = Debug|Any CPU
		Release|Any CPU = Release|Any CPU
	EndGlobalSection
	GlobalSection(ProjectConfigurationPlatforms) = postSolution
		{60DB7808-ACFD-5424-B083-22E99602EF94}.Debug|Any CPU.ActiveCfg = Debug|Any CPU
		{60DB7808-ACFD-5424-B083-22E99602EF94}.Debug|Any CPU.Build.0 = Debug|Any CPU
		{60DB7808-ACFD-5424-B083-22E99602EF94}.Release|Any CPU.ActiveCfg = Release|Any CPU
		{60DB7808-ACFD-5424-B083-22E99602EF94}.Release|Any CPU.Build.0 = Release|Any CPU
	EndGlobalSection
	GlobalSection(SolutionProperties) = preSolution
		HideSolutionNode = FALSE
	EndGlobalSection
	GlobalSection(ExtensibilityGlobals) = postSolution
		SolutionGuid = {9B511917-C56F-476B-B32C-007EB7566AA1}
	EndGlobalSection
EndGlobal
